
Microsoft Visual Studio Solution File, Format Version 12.00
# Visual Studio Version 16
VisualStudioVersion = 16.0.29519.87
MinimumVisualStudioVersion = 10.0.40219.1
Project("{9A19103F-16F7-4668-BE54-9A1E7A4F7556}") = "ServerInfra", "ServerInfra\ServerInfra.csproj", "{DF589DE0-BE39-42E3-85EA-AC09136FC7F2}"
EndProject
Project("{9A19103F-16F7-4668-BE54-9A1E7A4F7556}") = "HospitalControlado", "HospitalControlado\HospitalControlado.csproj", "{F1ABDB7B-DA37-4458-BCB6-937FAA8D748E}"
EndProject
Project("{9A19103F-16F7-4668-BE54-9A1E7A4F7556}") = "AnestesistaNew", "AnestesistaNew\AnestesistaNew.csproj", "{172964EF-040E-435F-BB76-D4DD185260C9}"
EndProject
Project("{9A19103F-16F7-4668-BE54-9A1E7A4F7556}") = "CirurgiaoNew", "CirurgiaoNew\CirurgiaoNew.csproj", "{EB3B4482-DA5C-4058-BB61-79D46775682A}"
EndProject
Global
	GlobalSection(SolutionConfigurationPlatforms) = preSolution
		Debug|Any CPU = Debug|Any CPU
		Release|Any CPU = Release|Any CPU
	EndGlobalSection
	GlobalSection(ProjectConfigurationPlatforms) = postSolution
		{DF589DE0-BE39-42E3-85EA-AC09136FC7F2}.Debug|Any CPU.ActiveCfg = Debug|Any CPU
		{DF589DE0-BE39-42E3-85EA-AC09136FC7F2}.Debug|Any CPU.Build.0 = Debug|Any CPU
		{DF589DE0-BE39-42E3-85EA-AC09136FC7F2}.Release|Any CPU.ActiveCfg = Release|Any CPU
		{DF589DE0-BE39-42E3-85EA-AC09136FC7F2}.Release|Any CPU.Build.0 = Release|Any CPU
		{F1ABDB7B-DA37-4458-BCB6-937FAA8D748E}.Debug|Any CPU.ActiveCfg = Debug|Any CPU
		{F1ABDB7B-DA37-4458-BCB6-937FAA8D748E}.Debug|Any CPU.Build.0 = Debug|Any CPU
		{F1ABDB7B-DA37-4458-BCB6-937FAA8D748E}.Release|Any CPU.ActiveCfg = Release|Any CPU
		{F1ABDB7B-DA37-4458-BCB6-937FAA8D748E}.Release|Any CPU.Build.0 = Release|Any CPU
		{172964EF-040E-435F-BB76-D4DD185260C9}.Debug|Any CPU.ActiveCfg = Debug|Any CPU
		{172964EF-040E-435F-BB76-D4DD185260C9}.Debug|Any CPU.Build.0 = Debug|Any CPU
		{172964EF-040E-435F-BB76-D4DD185260C9}.Release|Any CPU.ActiveCfg = Release|Any CPU
		{172964EF-040E-435F-BB76-D4DD185260C9}.Release|Any CPU.Build.0 = Release|Any CPU
		{EB3B4482-DA5C-4058-BB61-79D46775682A}.Debug|Any CPU.ActiveCfg = Debug|Any CPU
		{EB3B4482-DA5C-4058-BB61-79D46775682A}.Debug|Any CPU.Build.0 = Debug|Any CPU
		{EB3B4482-DA5C-4058-BB61-79D46775682A}.Release|Any CPU.ActiveCfg = Release|Any CPU
		{EB3B4482-DA5C-4058-BB61-79D46775682A}.Release|Any CPU.Build.0 = Release|Any CPU
	EndGlobalSection
	GlobalSection(SolutionProperties) = preSolution
		HideSolutionNode = FALSE
	EndGlobalSection
	GlobalSection(ExtensibilityGlobals) = postSolution
		SolutionGuid = {43E5E597-83B5-47E0-9FCB-45CD512BDEC9}
	EndGlobalSection
EndGlobal
